
Microsoft Visual Studio Solution File, Format Version 12.00
# Visual Studio 15
VisualStudioVersion = 15.0.26403.7
MinimumVisualStudioVersion = 10.0.40219.1
Project("{FAE04EC0-301F-11D3-BF4B-00C04F79EFBC}") = "SimpleObjectsExercises", "SimpleObjectsExercises\SimpleObjectsExercises.csproj", "{015A4A6C-9648-4039-939F-B990896BD7E7}"
EndProject
Project("{FAE04EC0-301F-11D3-BF4B-00C04F79EFBC}") = "OptimizedBankingSystem", "OptimizedBankingSystem\OptimizedBankingSystem.csproj", "{E8E33CFA-0AAC-4EE6-860D-5EDE0BE9F6BB}"
EndProject
Project("{FAE04EC0-301F-11D3-BF4B-00C04F79EFBC}") = "Websites", "Websites\Websites.csproj", "{6D687000-6D05-4872-9AD7-8A0C5B107290}"
EndProject
Project("{FAE04EC0-301F-11D3-BF4B-00C04F79EFBC}") = "Animals", "Animals\Animals.csproj", "{8874CEA4-3050-49C7-9E0F-85318413D218}"
EndProject
Project("{FAE04EC0-301F-11D3-BF4B-00C04F79EFBC}") = "Boxes", "Boxes\Boxes.csproj", "{2FA09F37-39FF-4A17-819B-4E68E26ED6E2}"
EndProject
Global
	GlobalSection(SolutionConfigurationPlatforms) = preSolution
		Debug|Any CPU = Debug|Any CPU
		Release|Any CPU = Release|Any CPU
	EndGlobalSection
	GlobalSection(ProjectConfigurationPlatforms) = postSolution
		{015A4A6C-9648-4039-939F-B990896BD7E7}.Debug|Any CPU.ActiveCfg = Debug|Any CPU
		{015A4A6C-9648-4039-939F-B990896BD7E7}.Debug|Any CPU.Build.0 = Debug|Any CPU
		{015A4A6C-9648-4039-939F-B990896BD7E7}.Release|Any CPU.ActiveCfg = Release|Any CPU
		{015A4A6C-9648-4039-939F-B990896BD7E7}.Release|Any CPU.Build.0 = Release|Any CPU
		{E8E33CFA-0AAC-4EE6-860D-5EDE0BE9F6BB}.Debug|Any CPU.ActiveCfg = Debug|Any CPU
		{E8E33CFA-0AAC-4EE6-860D-5EDE0BE9F6BB}.Debug|Any CPU.Build.0 = Debug|Any CPU
		{E8E33CFA-0AAC-4EE6-860D-5EDE0BE9F6BB}.Release|Any CPU.ActiveCfg = Release|Any CPU
		{E8E33CFA-0AAC-4EE6-860D-5EDE0BE9F6BB}.Release|Any CPU.Build.0 = Release|Any CPU
		{6D687000-6D05-4872-9AD7-8A0C5B107290}.Debug|Any CPU.ActiveCfg = Debug|Any CPU
		{6D687000-6D05-4872-9AD7-8A0C5B107290}.Debug|Any CPU.Build.0 = Debug|Any CPU
		{6D687000-6D05-4872-9AD7-8A0C5B107290}.Release|Any CPU.ActiveCfg = Release|Any CPU
		{6D687000-6D05-4872-9AD7-8A0C5B107290}.Release|Any CPU.Build.0 = Release|Any CPU
		{8874CEA4-3050-49C7-9E0F-85318413D218}.Debug|Any CPU.ActiveCfg = Debug|Any CPU
		{8874CEA4-3050-49C7-9E0F-85318413D218}.Debug|Any CPU.Build.0 = Debug|Any CPU
		{8874CEA4-3050-49C7-9E0F-85318413D218}.Release|Any CPU.ActiveCfg = Release|Any CPU
		{8874CEA4-3050-49C7-9E0F-85318413D218}.Release|Any CPU.Build.0 = Release|Any CPU
		{2FA09F37-39FF-4A17-819B-4E68E26ED6E2}.Debug|Any CPU.ActiveCfg = Debug|Any CPU
		{2FA09F37-39FF-4A17-819B-4E68E26ED6E2}.Debug|Any CPU.Build.0 = Debug|Any CPU
		{2FA09F37-39FF-4A17-819B-4E68E26ED6E2}.Release|Any CPU.ActiveCfg = Release|Any CPU
		{2FA09F37-39FF-4A17-819B-4E68E26ED6E2}.Release|Any CPU.Build.0 = Release|Any CPU
	EndGlobalSection
	GlobalSection(SolutionProperties) = preSolution
		HideSolutionNode = FALSE
	EndGlobalSection
EndGlobal
