
Microsoft Visual Studio Solution File, Format Version 12.00
# Visual Studio 15
VisualStudioVersion = 15.0.26403.7
MinimumVisualStudioVersion = 10.0.40219.1
Project("{FAE04EC0-301F-11D3-BF4B-00C04F79EFBC}") = "FilesAndDirectories", "FilesAndDirectories\FilesAndDirectories.csproj", "{13AEA16B-BCD1-4E82-AE41-688A5489E865}"
EndProject
Project("{FAE04EC0-301F-11D3-BF4B-00C04F79EFBC}") = "StudentsData", "StudentsData\StudentsData.csproj", "{8A8007AD-E80E-4CD7-B45A-B8FCCF3E6ABC}"
EndProject
Project("{FAE04EC0-301F-11D3-BF4B-00C04F79EFBC}") = "LabFiles", "LabFiles\LabFiles.csproj", "{75CF7927-AA9C-4584-B59F-ED8A00902FE6}"
EndProject
Project("{FAE04EC0-301F-11D3-BF4B-00C04F79EFBC}") = "FilterExtensions", "FilterExtentions\FilterExtensions.csproj", "{199BECC3-B35A-41BE-B68B-A95C6E2180BC}"
EndProject
Project("{FAE04EC0-301F-11D3-BF4B-00C04F79EFBC}") = "HTML-Contents", "HTML-Contents\HTML-Contents.csproj", "{AE978A58-6003-4775-BA31-0513C1ECB900}"
EndProject
Project("{FAE04EC0-301F-11D3-BF4B-00C04F79EFBC}") = "UsersDatabase", "UsersDatabase\UsersDatabase.csproj", "{446B9FAF-42C6-4D43-A40C-E9ECCC4D9A58}"
EndProject
Project("{FAE04EC0-301F-11D3-BF4B-00C04F79EFBC}") = "Re-Directory", "Re-Directory\Re-Directory.csproj", "{9FE8D723-8407-4C17-997A-E653D31208F5}"
EndProject
Global
	GlobalSection(SolutionConfigurationPlatforms) = preSolution
		Debug|Any CPU = Debug|Any CPU
		Release|Any CPU = Release|Any CPU
	EndGlobalSection
	GlobalSection(ProjectConfigurationPlatforms) = postSolution
		{13AEA16B-BCD1-4E82-AE41-688A5489E865}.Debug|Any CPU.ActiveCfg = Debug|Any CPU
		{13AEA16B-BCD1-4E82-AE41-688A5489E865}.Debug|Any CPU.Build.0 = Debug|Any CPU
		{13AEA16B-BCD1-4E82-AE41-688A5489E865}.Release|Any CPU.ActiveCfg = Release|Any CPU
		{13AEA16B-BCD1-4E82-AE41-688A5489E865}.Release|Any CPU.Build.0 = Release|Any CPU
		{8A8007AD-E80E-4CD7-B45A-B8FCCF3E6ABC}.Debug|Any CPU.ActiveCfg = Debug|Any CPU
		{8A8007AD-E80E-4CD7-B45A-B8FCCF3E6ABC}.Debug|Any CPU.Build.0 = Debug|Any CPU
		{8A8007AD-E80E-4CD7-B45A-B8FCCF3E6ABC}.Release|Any CPU.ActiveCfg = Release|Any CPU
		{8A8007AD-E80E-4CD7-B45A-B8FCCF3E6ABC}.Release|Any CPU.Build.0 = Release|Any CPU
		{75CF7927-AA9C-4584-B59F-ED8A00902FE6}.Debug|Any CPU.ActiveCfg = Debug|Any CPU
		{75CF7927-AA9C-4584-B59F-ED8A00902FE6}.Debug|Any CPU.Build.0 = Debug|Any CPU
		{75CF7927-AA9C-4584-B59F-ED8A00902FE6}.Release|Any CPU.ActiveCfg = Release|Any CPU
		{75CF7927-AA9C-4584-B59F-ED8A00902FE6}.Release|Any CPU.Build.0 = Release|Any CPU
		{199BECC3-B35A-41BE-B68B-A95C6E2180BC}.Debug|Any CPU.ActiveCfg = Debug|Any CPU
		{199BECC3-B35A-41BE-B68B-A95C6E2180BC}.Debug|Any CPU.Build.0 = Debug|Any CPU
		{199BECC3-B35A-41BE-B68B-A95C6E2180BC}.Release|Any CPU.ActiveCfg = Release|Any CPU
		{199BECC3-B35A-41BE-B68B-A95C6E2180BC}.Release|Any CPU.Build.0 = Release|Any CPU
		{AE978A58-6003-4775-BA31-0513C1ECB900}.Debug|Any CPU.ActiveCfg = Debug|Any CPU
		{AE978A58-6003-4775-BA31-0513C1ECB900}.Debug|Any CPU.Build.0 = Debug|Any CPU
		{AE978A58-6003-4775-BA31-0513C1ECB900}.Release|Any CPU.ActiveCfg = Release|Any CPU
		{AE978A58-6003-4775-BA31-0513C1ECB900}.Release|Any CPU.Build.0 = Release|Any CPU
		{446B9FAF-42C6-4D43-A40C-E9ECCC4D9A58}.Debug|Any CPU.ActiveCfg = Debug|Any CPU
		{446B9FAF-42C6-4D43-A40C-E9ECCC4D9A58}.Debug|Any CPU.Build.0 = Debug|Any CPU
		{446B9FAF-42C6-4D43-A40C-E9ECCC4D9A58}.Release|Any CPU.ActiveCfg = Release|Any CPU
		{446B9FAF-42C6-4D43-A40C-E9ECCC4D9A58}.Release|Any CPU.Build.0 = Release|Any CPU
		{9FE8D723-8407-4C17-997A-E653D31208F5}.Debug|Any CPU.ActiveCfg = Debug|Any CPU
		{9FE8D723-8407-4C17-997A-E653D31208F5}.Debug|Any CPU.Build.0 = Debug|Any CPU
		{9FE8D723-8407-4C17-997A-E653D31208F5}.Release|Any CPU.ActiveCfg = Release|Any CPU
		{9FE8D723-8407-4C17-997A-E653D31208F5}.Release|Any CPU.Build.0 = Release|Any CPU
	EndGlobalSection
	GlobalSection(SolutionProperties) = preSolution
		HideSolutionNode = FALSE
	EndGlobalSection
EndGlobal
