
Microsoft Visual Studio Solution File, Format Version 12.00
# Visual Studio 15
VisualStudioVersion = 15.0.26403.7
MinimumVisualStudioVersion = 10.0.40219.1
Project("{FAE04EC0-301F-11D3-BF4B-00C04F79EFBC}") = "ExamPreparation_ProgramingFundamentals", "ExamPreparation_ProgramingFundamentals\ExamPreparation_ProgramingFundamentals.csproj", "{BF19EA3E-0EA3-4935-8B79-87C564F3D695}"
EndProject
Project("{FAE04EC0-301F-11D3-BF4B-00C04F79EFBC}") = "SoftUni_Karaoke", "SoftUni_Karaoke\SoftUni_Karaoke.csproj", "{2A77B26F-8F08-4DDD-A3B2-047A5809C184}"
EndProject
Project("{FAE04EC0-301F-11D3-BF4B-00C04F79EFBC}") = "EnduranceRally", "EnduranceRally\EnduranceRally.csproj", "{9B55B99F-3FA9-43E8-967D-A49341853257}"
EndProject
Project("{FAE04EC0-301F-11D3-BF4B-00C04F79EFBC}") = "Winning_Ticket", "Winning_Ticket\Winning_Ticket.csproj", "{D474FA81-8B9E-432A-BAB1-C690E294AE5F}"
EndProject
Project("{FAE04EC0-301F-11D3-BF4B-00C04F79EFBC}") = "02_Charity_Marathon", "Charity_Marathon\02_Charity_Marathon.csproj", "{76D07516-B790-40BB-A177-E617C37B0C8B}"
EndProject
Project("{FAE04EC0-301F-11D3-BF4B-00C04F79EFBC}") = "02_Ladybugs", "Ladybugs\02_Ladybugs.csproj", "{3FC86D2B-8570-4AF5-977D-941B63C7673D}"
EndProject
Project("{FAE04EC0-301F-11D3-BF4B-00C04F79EFBC}") = "02_Nether_Realms", "Nether_Realms\02_Nether_Realms.csproj", "{02573C7F-D29A-4331-B3F4-9BBD9CFFDC8C}"
EndProject
Project("{FAE04EC0-301F-11D3-BF4B-00C04F79EFBC}") = "02_Roli_The_Coder", "Roli_The_Coder\02_Roli_The_Coder.csproj", "{C9991009-C92F-480E-9ECE-2A82AE2A284B}"
EndProject
Project("{FAE04EC0-301F-11D3-BF4B-00C04F79EFBC}") = "03_SoftUni_Coffee_Orders", "03_SoftUni_Coffee_Orders\03_SoftUni_Coffee_Orders.csproj", "{B060EA3E-B495-43A2-AFEF-D27F2FA94864}"
EndProject
Project("{FAE04EC0-301F-11D3-BF4B-00C04F79EFBC}") = "03_Command_Interpreter", "03_Command_Interpreter\03_Command_Interpreter.csproj", "{31A6512F-3BCB-40BF-86B7-1E1B70F010BE}"
EndProject
Global
	GlobalSection(SolutionConfigurationPlatforms) = preSolution
		Debug|Any CPU = Debug|Any CPU
		Release|Any CPU = Release|Any CPU
	EndGlobalSection
	GlobalSection(ProjectConfigurationPlatforms) = postSolution
		{BF19EA3E-0EA3-4935-8B79-87C564F3D695}.Debug|Any CPU.ActiveCfg = Debug|Any CPU
		{BF19EA3E-0EA3-4935-8B79-87C564F3D695}.Debug|Any CPU.Build.0 = Debug|Any CPU
		{BF19EA3E-0EA3-4935-8B79-87C564F3D695}.Release|Any CPU.ActiveCfg = Release|Any CPU
		{BF19EA3E-0EA3-4935-8B79-87C564F3D695}.Release|Any CPU.Build.0 = Release|Any CPU
		{2A77B26F-8F08-4DDD-A3B2-047A5809C184}.Debug|Any CPU.ActiveCfg = Debug|Any CPU
		{2A77B26F-8F08-4DDD-A3B2-047A5809C184}.Debug|Any CPU.Build.0 = Debug|Any CPU
		{2A77B26F-8F08-4DDD-A3B2-047A5809C184}.Release|Any CPU.ActiveCfg = Release|Any CPU
		{2A77B26F-8F08-4DDD-A3B2-047A5809C184}.Release|Any CPU.Build.0 = Release|Any CPU
		{9B55B99F-3FA9-43E8-967D-A49341853257}.Debug|Any CPU.ActiveCfg = Debug|Any CPU
		{9B55B99F-3FA9-43E8-967D-A49341853257}.Debug|Any CPU.Build.0 = Debug|Any CPU
		{9B55B99F-3FA9-43E8-967D-A49341853257}.Release|Any CPU.ActiveCfg = Release|Any CPU
		{9B55B99F-3FA9-43E8-967D-A49341853257}.Release|Any CPU.Build.0 = Release|Any CPU
		{D474FA81-8B9E-432A-BAB1-C690E294AE5F}.Debug|Any CPU.ActiveCfg = Debug|Any CPU
		{D474FA81-8B9E-432A-BAB1-C690E294AE5F}.Debug|Any CPU.Build.0 = Debug|Any CPU
		{D474FA81-8B9E-432A-BAB1-C690E294AE5F}.Release|Any CPU.ActiveCfg = Release|Any CPU
		{D474FA81-8B9E-432A-BAB1-C690E294AE5F}.Release|Any CPU.Build.0 = Release|Any CPU
		{76D07516-B790-40BB-A177-E617C37B0C8B}.Debug|Any CPU.ActiveCfg = Debug|Any CPU
		{76D07516-B790-40BB-A177-E617C37B0C8B}.Debug|Any CPU.Build.0 = Debug|Any CPU
		{76D07516-B790-40BB-A177-E617C37B0C8B}.Release|Any CPU.ActiveCfg = Release|Any CPU
		{76D07516-B790-40BB-A177-E617C37B0C8B}.Release|Any CPU.Build.0 = Release|Any CPU
		{3FC86D2B-8570-4AF5-977D-941B63C7673D}.Debug|Any CPU.ActiveCfg = Debug|Any CPU
		{3FC86D2B-8570-4AF5-977D-941B63C7673D}.Debug|Any CPU.Build.0 = Debug|Any CPU
		{3FC86D2B-8570-4AF5-977D-941B63C7673D}.Release|Any CPU.ActiveCfg = Release|Any CPU
		{3FC86D2B-8570-4AF5-977D-941B63C7673D}.Release|Any CPU.Build.0 = Release|Any CPU
		{02573C7F-D29A-4331-B3F4-9BBD9CFFDC8C}.Debug|Any CPU.ActiveCfg = Debug|Any CPU
		{02573C7F-D29A-4331-B3F4-9BBD9CFFDC8C}.Debug|Any CPU.Build.0 = Debug|Any CPU
		{02573C7F-D29A-4331-B3F4-9BBD9CFFDC8C}.Release|Any CPU.ActiveCfg = Release|Any CPU
		{02573C7F-D29A-4331-B3F4-9BBD9CFFDC8C}.Release|Any CPU.Build.0 = Release|Any CPU
		{C9991009-C92F-480E-9ECE-2A82AE2A284B}.Debug|Any CPU.ActiveCfg = Debug|Any CPU
		{C9991009-C92F-480E-9ECE-2A82AE2A284B}.Debug|Any CPU.Build.0 = Debug|Any CPU
		{C9991009-C92F-480E-9ECE-2A82AE2A284B}.Release|Any CPU.ActiveCfg = Release|Any CPU
		{C9991009-C92F-480E-9ECE-2A82AE2A284B}.Release|Any CPU.Build.0 = Release|Any CPU
		{B060EA3E-B495-43A2-AFEF-D27F2FA94864}.Debug|Any CPU.ActiveCfg = Debug|Any CPU
		{B060EA3E-B495-43A2-AFEF-D27F2FA94864}.Debug|Any CPU.Build.0 = Debug|Any CPU
		{B060EA3E-B495-43A2-AFEF-D27F2FA94864}.Release|Any CPU.ActiveCfg = Release|Any CPU
		{B060EA3E-B495-43A2-AFEF-D27F2FA94864}.Release|Any CPU.Build.0 = Release|Any CPU
		{31A6512F-3BCB-40BF-86B7-1E1B70F010BE}.Debug|Any CPU.ActiveCfg = Debug|Any CPU
		{31A6512F-3BCB-40BF-86B7-1E1B70F010BE}.Debug|Any CPU.Build.0 = Debug|Any CPU
		{31A6512F-3BCB-40BF-86B7-1E1B70F010BE}.Release|Any CPU.ActiveCfg = Release|Any CPU
		{31A6512F-3BCB-40BF-86B7-1E1B70F010BE}.Release|Any CPU.Build.0 = Release|Any CPU
	EndGlobalSection
	GlobalSection(SolutionProperties) = preSolution
		HideSolutionNode = FALSE
	EndGlobalSection
EndGlobal
