
Microsoft Visual Studio Solution File, Format Version 12.00
# Visual Studio 15
VisualStudioVersion = 15.0.26403.7
MinimumVisualStudioVersion = 10.0.40219.1
Project("{FAE04EC0-301F-11D3-BF4B-00C04F79EFBC}") = "RegEx", "RegEx\RegEx.csproj", "{046F8E69-907B-411D-9693-2DCCD8A716FE}"
EndProject
Project("{FAE04EC0-301F-11D3-BF4B-00C04F79EFBC}") = "RegExLab", "RegExLab\RegExLab.csproj", "{9314FF7D-587C-47EB-9E84-196C02B23FC7}"
EndProject
Project("{FAE04EC0-301F-11D3-BF4B-00C04F79EFBC}") = "ReplaceATag", "ReplaceAtag\ReplaceATag.csproj", "{8D3C087B-96E2-4D21-91DE-5C8ED2B42E3A}"
EndProject
Project("{FAE04EC0-301F-11D3-BF4B-00C04F79EFBC}") = "Cards", "Cards\Cards.csproj", "{75F7AEE3-9A8E-4A90-816E-EDA80AA2D30F}"
EndProject
Project("{FAE04EC0-301F-11D3-BF4B-00C04F79EFBC}") = "FishStatistics", "FishStatistics\FishStatistics.csproj", "{CDF302DC-8E96-4E85-85D1-9632266C7E4A}"
EndProject
Project("{FAE04EC0-301F-11D3-BF4B-00C04F79EFBC}") = "HappinessIndex", "HappinessIndex\HappinessIndex.csproj", "{BA8AD7BB-C78E-48ED-9E16-C797706D3D3D}"
EndProject
Global
	GlobalSection(SolutionConfigurationPlatforms) = preSolution
		Debug|Any CPU = Debug|Any CPU
		Release|Any CPU = Release|Any CPU
	EndGlobalSection
	GlobalSection(ProjectConfigurationPlatforms) = postSolution
		{046F8E69-907B-411D-9693-2DCCD8A716FE}.Debug|Any CPU.ActiveCfg = Debug|Any CPU
		{046F8E69-907B-411D-9693-2DCCD8A716FE}.Debug|Any CPU.Build.0 = Debug|Any CPU
		{046F8E69-907B-411D-9693-2DCCD8A716FE}.Release|Any CPU.ActiveCfg = Release|Any CPU
		{046F8E69-907B-411D-9693-2DCCD8A716FE}.Release|Any CPU.Build.0 = Release|Any CPU
		{9314FF7D-587C-47EB-9E84-196C02B23FC7}.Debug|Any CPU.ActiveCfg = Debug|Any CPU
		{9314FF7D-587C-47EB-9E84-196C02B23FC7}.Debug|Any CPU.Build.0 = Debug|Any CPU
		{9314FF7D-587C-47EB-9E84-196C02B23FC7}.Release|Any CPU.ActiveCfg = Release|Any CPU
		{9314FF7D-587C-47EB-9E84-196C02B23FC7}.Release|Any CPU.Build.0 = Release|Any CPU
		{8D3C087B-96E2-4D21-91DE-5C8ED2B42E3A}.Debug|Any CPU.ActiveCfg = Debug|Any CPU
		{8D3C087B-96E2-4D21-91DE-5C8ED2B42E3A}.Debug|Any CPU.Build.0 = Debug|Any CPU
		{8D3C087B-96E2-4D21-91DE-5C8ED2B42E3A}.Release|Any CPU.ActiveCfg = Release|Any CPU
		{8D3C087B-96E2-4D21-91DE-5C8ED2B42E3A}.Release|Any CPU.Build.0 = Release|Any CPU
		{75F7AEE3-9A8E-4A90-816E-EDA80AA2D30F}.Debug|Any CPU.ActiveCfg = Debug|Any CPU
		{75F7AEE3-9A8E-4A90-816E-EDA80AA2D30F}.Debug|Any CPU.Build.0 = Debug|Any CPU
		{75F7AEE3-9A8E-4A90-816E-EDA80AA2D30F}.Release|Any CPU.ActiveCfg = Release|Any CPU
		{75F7AEE3-9A8E-4A90-816E-EDA80AA2D30F}.Release|Any CPU.Build.0 = Release|Any CPU
		{CDF302DC-8E96-4E85-85D1-9632266C7E4A}.Debug|Any CPU.ActiveCfg = Debug|Any CPU
		{CDF302DC-8E96-4E85-85D1-9632266C7E4A}.Debug|Any CPU.Build.0 = Debug|Any CPU
		{CDF302DC-8E96-4E85-85D1-9632266C7E4A}.Release|Any CPU.ActiveCfg = Release|Any CPU
		{CDF302DC-8E96-4E85-85D1-9632266C7E4A}.Release|Any CPU.Build.0 = Release|Any CPU
		{BA8AD7BB-C78E-48ED-9E16-C797706D3D3D}.Debug|Any CPU.ActiveCfg = Debug|Any CPU
		{BA8AD7BB-C78E-48ED-9E16-C797706D3D3D}.Debug|Any CPU.Build.0 = Debug|Any CPU
		{BA8AD7BB-C78E-48ED-9E16-C797706D3D3D}.Release|Any CPU.ActiveCfg = Release|Any CPU
		{BA8AD7BB-C78E-48ED-9E16-C797706D3D3D}.Release|Any CPU.Build.0 = Release|Any CPU
	EndGlobalSection
	GlobalSection(SolutionProperties) = preSolution
		HideSolutionNode = FALSE
	EndGlobalSection
EndGlobal
